{
  "version": 4,
  "terraform_version": "0.12.24",
  "serial": 22,
  "lineage": "77230e0c-c730-3f35-457f-80e8667c118e",
  "outputs": {},
  "resources": [
    {
      "mode": "managed",
      "type": "helm_release",
      "name": "prometheus",
      "provider": "provider.helm",
      "instances": [
        {
          "schema_version": 0,
          "attributes": {
            "chart": "prometheus",
            "devel": null,
            "disable_crd_hooks": false,
            "disable_webhooks": false,
            "force_update": false,
            "id": "prometheus",
            "keyring": null,
            "metadata": [
              {
                "chart": "prometheus",
                "name": "prometheus",
                "namespace": "monitoring",
                "revision": 1,
                "values": "{}\n",
                "version": "11.12.1"
              }
            ],
            "name": "prometheus",
            "namespace": "monitoring",
            "recreate_pods": false,
            "repository": "https://charts.helm.sh/stable",
            "reuse": false,
            "reuse_values": false,
            "set": [],
            "set_sensitive": [],
            "set_string": [],
            "status": "DEPLOYED",
            "timeout": 300,
            "values": null,
            "verify": false,
            "version": "11.12.1",
            "wait": true
          },
          "private": "bnVsbA=="
        }
      ]
    },
    {
      "mode": "managed",
      "type": "kubernetes_config_map",
      "name": "telegraf-config",
      "provider": "provider.kubernetes",
      "instances": [
        {
          "schema_version": 0,
          "attributes": {
            "binary_data": {},
            "data": {
              "telegraf.conf": "[[outputs.influxdb]]\n    urls = [\"$INFLUXDB_URL\"]\n    database = \"$INFLUXDB_DB\"\n    username = \"$INFLUXDB_USER\"\n    password = \"$INFLUXDB_USER_PASSWORD\"\n[[inputs.statsd]]\n    max_tcp_connections = 250\n    tcp_keep_alive = false\n    service_address = \":8125\"\n    delete_gauges = true\n    delete_counters = true\n    delete_sets = true\n    delete_timings = true\n    metric_separator = \".\"\n    allowed_pending_messages = 10000\n    percentile_limit = 1000\n    parse_data_dog_tags = true\n    read_buffer_size = 65535\n"
            },
            "id": "monitoring/telegraf-config",
            "metadata": [
              {
                "annotations": {},
                "generate_name": "",
                "generation": 0,
                "labels": {},
                "name": "telegraf-config",
                "namespace": "monitoring",
                "resource_version": "712812",
                "self_link": "/api/v1/namespaces/monitoring/configmaps/telegraf-config",
                "uid": "9a52e3e8-920c-4a68-8cef-9e85a57c2e74"
              }
            ]
          },
          "private": "bnVsbA=="
        }
      ]
    },
    {
      "mode": "managed",
      "type": "kubernetes_deployment",
      "name": "grafana",
      "provider": "provider.kubernetes",
      "instances": [
        {
          "schema_version": 0,
          "attributes": {
            "id": "monitoring/grafana",
            "metadata": [
              {
                "annotations": {},
                "generate_name": "",
                "generation": 1,
                "labels": {
                  "app": "grafana"
                },
                "name": "grafana",
                "namespace": "monitoring",
                "resource_version": "712965",
                "self_link": "/apis/apps/v1/namespaces/monitoring/deployments/grafana",
                "uid": "60c32cb5-d769-445c-bf92-78531bdb3a2a"
              }
            ],
            "spec": [
              {
                "min_ready_seconds": 0,
                "paused": false,
                "progress_deadline_seconds": 600,
                "replicas": 1,
                "revision_history_limit": 10,
                "selector": [
                  {
                    "match_expressions": [],
                    "match_labels": {
                      "app": "grafana"
                    }
                  }
                ],
                "strategy": [
                  {
                    "rolling_update": [
                      {
                        "max_surge": "25%",
                        "max_unavailable": "25%"
                      }
                    ],
                    "type": "RollingUpdate"
                  }
                ],
                "template": [
                  {
                    "metadata": [
                      {
                        "annotations": {},
                        "generate_name": "",
                        "generation": 0,
                        "labels": {
                          "app": "grafana"
                        },
                        "name": "",
                        "namespace": "",
                        "resource_version": "",
                        "self_link": "",
                        "uid": ""
                      }
                    ],
                    "spec": [
                      {
                        "active_deadline_seconds": 0,
                        "affinity": [],
                        "automount_service_account_token": false,
                        "container": [
                          {
                            "args": [],
                            "command": [],
                            "env": [],
                            "env_from": [
                              {
                                "config_map_ref": [],
                                "prefix": "",
                                "secret_ref": [
                                  {
                                    "name": "grafana-secrets",
                                    "optional": false
                                  }
                                ]
                              }
                            ],
                            "image": "docker.io/grafana/grafana:5.3.2",
                            "image_pull_policy": "IfNotPresent",
                            "lifecycle": [],
                            "liveness_probe": [],
                            "name": "grafana",
                            "port": [],
                            "readiness_probe": [],
                            "resources": [
                              {
                                "limits": [],
                                "requests": []
                              }
                            ],
                            "security_context": [],
                            "startup_probe": [],
                            "stdin": false,
                            "stdin_once": false,
                            "termination_message_path": "/dev/termination-log",
                            "termination_message_policy": "File",
                            "tty": false,
                            "volume_mount": [],
                            "working_dir": ""
                          }
                        ],
                        "dns_config": [],
                        "dns_policy": "ClusterFirst",
                        "enable_service_links": true,
                        "host_aliases": [],
                        "host_ipc": false,
                        "host_network": false,
                        "host_pid": false,
                        "hostname": "",
                        "image_pull_secrets": [],
                        "init_container": [],
                        "node_name": "",
                        "node_selector": {},
                        "priority_class_name": "",
                        "readiness_gate": [],
                        "restart_policy": "Always",
                        "security_context": [],
                        "service_account_name": "",
                        "share_process_namespace": false,
                        "subdomain": "",
                        "termination_grace_period_seconds": 30,
                        "toleration": [],
                        "volume": []
                      }
                    ]
                  }
                ]
              }
            ],
            "timeouts": null,
            "wait_for_rollout": true
          },
          "private": "eyJlMmJmYjczMC1lY2FhLTExZTYtOGY4OC0zNDM2M2JjN2M0YzAiOnsiY3JlYXRlIjo2MDAwMDAwMDAwMDAsImRlbGV0ZSI6NjAwMDAwMDAwMDAwLCJ1cGRhdGUiOjYwMDAwMDAwMDAwMH19",
          "dependencies": [
            "kubernetes_secret.grafana-secrets"
          ]
        }
      ]
    },
    {
      "mode": "managed",
      "type": "kubernetes_deployment",
      "name": "influxdb",
      "provider": "provider.kubernetes",
      "instances": [
        {
          "schema_version": 0,
          "attributes": {
            "id": "monitoring/influxdb",
            "metadata": [
              {
                "annotations": {},
                "generate_name": "",
                "generation": 1,
                "labels": {
                  "app": "influxdb"
                },
                "name": "influxdb",
                "namespace": "monitoring",
                "resource_version": "712991",
                "self_link": "/apis/apps/v1/namespaces/monitoring/deployments/influxdb",
                "uid": "ab029526-f456-4690-935e-0fe83f29521a"
              }
            ],
            "spec": [
              {
                "min_ready_seconds": 0,
                "paused": false,
                "progress_deadline_seconds": 600,
                "replicas": 1,
                "revision_history_limit": 10,
                "selector": [
                  {
                    "match_expressions": [],
                    "match_labels": {
                      "app": "influxdb"
                    }
                  }
                ],
                "strategy": [
                  {
                    "rolling_update": [
                      {
                        "max_surge": "25%",
                        "max_unavailable": "25%"
                      }
                    ],
                    "type": "RollingUpdate"
                  }
                ],
                "template": [
                  {
                    "metadata": [
                      {
                        "annotations": {},
                        "generate_name": "",
                        "generation": 0,
                        "labels": {
                          "app": "influxdb"
                        },
                        "name": "",
                        "namespace": "",
                        "resource_version": "",
                        "self_link": "",
                        "uid": ""
                      }
                    ],
                    "spec": [
                      {
                        "active_deadline_seconds": 0,
                        "affinity": [],
                        "automount_service_account_token": false,
                        "container": [
                          {
                            "args": [],
                            "command": [],
                            "env": [],
                            "env_from": [
                              {
                                "config_map_ref": [],
                                "prefix": "",
                                "secret_ref": [
                                  {
                                    "name": "influxdb-secrets",
                                    "optional": false
                                  }
                                ]
                              }
                            ],
                            "image": "docker.io/influxdb:1.6.4",
                            "image_pull_policy": "IfNotPresent",
                            "lifecycle": [],
                            "liveness_probe": [],
                            "name": "influxdb",
                            "port": [],
                            "readiness_probe": [],
                            "resources": [
                              {
                                "limits": [],
                                "requests": []
                              }
                            ],
                            "security_context": [],
                            "startup_probe": [],
                            "stdin": false,
                            "stdin_once": false,
                            "termination_message_path": "/dev/termination-log",
                            "termination_message_policy": "File",
                            "tty": false,
                            "volume_mount": [
                              {
                                "mount_path": "/var/lib/influxdb",
                                "mount_propagation": "None",
                                "name": "var-lib-influxdb",
                                "read_only": false,
                                "sub_path": ""
                              }
                            ],
                            "working_dir": ""
                          }
                        ],
                        "dns_config": [],
                        "dns_policy": "ClusterFirst",
                        "enable_service_links": true,
                        "host_aliases": [],
                        "host_ipc": false,
                        "host_network": false,
                        "host_pid": false,
                        "hostname": "",
                        "image_pull_secrets": [],
                        "init_container": [],
                        "node_name": "",
                        "node_selector": {},
                        "priority_class_name": "",
                        "readiness_gate": [],
                        "restart_policy": "Always",
                        "security_context": [],
                        "service_account_name": "",
                        "share_process_namespace": false,
                        "subdomain": "",
                        "termination_grace_period_seconds": 30,
                        "toleration": [],
                        "volume": [
                          {
                            "aws_elastic_block_store": [],
                            "azure_disk": [],
                            "azure_file": [],
                            "ceph_fs": [],
                            "cinder": [],
                            "config_map": [],
                            "csi": [],
                            "downward_api": [],
                            "empty_dir": [],
                            "fc": [],
                            "flex_volume": [],
                            "flocker": [],
                            "gce_persistent_disk": [],
                            "git_repo": [],
                            "glusterfs": [],
                            "host_path": [],
                            "iscsi": [],
                            "local": [],
                            "name": "var-lib-influxdb",
                            "nfs": [],
                            "persistent_volume_claim": [
                              {
                                "claim_name": "influxdb-pvc",
                                "read_only": false
                              }
                            ],
                            "photon_persistent_disk": [],
                            "projected": [],
                            "quobyte": [],
                            "rbd": [],
                            "secret": [],
                            "vsphere_volume": []
                          }
                        ]
                      }
                    ]
                  }
                ]
              }
            ],
            "timeouts": null,
            "wait_for_rollout": true
          },
          "private": "eyJlMmJmYjczMC1lY2FhLTExZTYtOGY4OC0zNDM2M2JjN2M0YzAiOnsiY3JlYXRlIjo2MDAwMDAwMDAwMDAsImRlbGV0ZSI6NjAwMDAwMDAwMDAwLCJ1cGRhdGUiOjYwMDAwMDAwMDAwMH19",
          "dependencies": [
            "kubernetes_persistent_volume.influxdb-pv",
            "kubernetes_persistent_volume_claim.influxdb-pvc",
            "kubernetes_secret.influxdb-secrets"
          ]
        }
      ]
    },
    {
      "mode": "managed",
      "type": "kubernetes_deployment",
      "name": "telegraf",
      "provider": "provider.kubernetes",
      "instances": [
        {
          "schema_version": 0,
          "attributes": {
            "id": "monitoring/telegraf",
            "metadata": [
              {
                "annotations": {},
                "generate_name": "",
                "generation": 1,
                "labels": {
                  "app": "telegraf"
                },
                "name": "telegraf",
                "namespace": "monitoring",
                "resource_version": "713037",
                "self_link": "/apis/apps/v1/namespaces/monitoring/deployments/telegraf",
                "uid": "029656ac-4ffb-41cd-ad2c-c1dfa0270441"
              }
            ],
            "spec": [
              {
                "min_ready_seconds": 0,
                "paused": false,
                "progress_deadline_seconds": 600,
                "replicas": 1,
                "revision_history_limit": 10,
                "selector": [
                  {
                    "match_expressions": [],
                    "match_labels": {
                      "app": "telegraf"
                    }
                  }
                ],
                "strategy": [
                  {
                    "rolling_update": [
                      {
                        "max_surge": "25%",
                        "max_unavailable": "25%"
                      }
                    ],
                    "type": "RollingUpdate"
                  }
                ],
                "template": [
                  {
                    "metadata": [
                      {
                        "annotations": {},
                        "generate_name": "",
                        "generation": 0,
                        "labels": {
                          "app": "telegraf"
                        },
                        "name": "",
                        "namespace": "",
                        "resource_version": "",
                        "self_link": "",
                        "uid": ""
                      }
                    ],
                    "spec": [
                      {
                        "active_deadline_seconds": 0,
                        "affinity": [],
                        "automount_service_account_token": false,
                        "container": [
                          {
                            "args": [],
                            "command": [],
                            "env": [],
                            "env_from": [
                              {
                                "config_map_ref": [],
                                "prefix": "",
                                "secret_ref": [
                                  {
                                    "name": "telegraf-secrets",
                                    "optional": false
                                  }
                                ]
                              }
                            ],
                            "image": "telegraf:1.10.0",
                            "image_pull_policy": "IfNotPresent",
                            "lifecycle": [],
                            "liveness_probe": [],
                            "name": "telegraf",
                            "port": [],
                            "readiness_probe": [],
                            "resources": [
                              {
                                "limits": [],
                                "requests": []
                              }
                            ],
                            "security_context": [],
                            "startup_probe": [],
                            "stdin": false,
                            "stdin_once": false,
                            "termination_message_path": "/dev/termination-log",
                            "termination_message_policy": "File",
                            "tty": false,
                            "volume_mount": [
                              {
                                "mount_path": "/etc/telegraf/telegraf.conf",
                                "mount_propagation": "None",
                                "name": "telegraf-config-volume",
                                "read_only": true,
                                "sub_path": "telegraf.conf"
                              }
                            ],
                            "working_dir": ""
                          }
                        ],
                        "dns_config": [],
                        "dns_policy": "ClusterFirst",
                        "enable_service_links": true,
                        "host_aliases": [],
                        "host_ipc": false,
                        "host_network": false,
                        "host_pid": false,
                        "hostname": "",
                        "image_pull_secrets": [],
                        "init_container": [],
                        "node_name": "",
                        "node_selector": {},
                        "priority_class_name": "",
                        "readiness_gate": [],
                        "restart_policy": "Always",
                        "security_context": [],
                        "service_account_name": "",
                        "share_process_namespace": false,
                        "subdomain": "",
                        "termination_grace_period_seconds": 30,
                        "toleration": [],
                        "volume": [
                          {
                            "aws_elastic_block_store": [],
                            "azure_disk": [],
                            "azure_file": [],
                            "ceph_fs": [],
                            "cinder": [],
                            "config_map": [
                              {
                                "default_mode": "0644",
                                "items": [],
                                "name": "telegraf-config",
                                "optional": false
                              }
                            ],
                            "csi": [],
                            "downward_api": [],
                            "empty_dir": [],
                            "fc": [],
                            "flex_volume": [],
                            "flocker": [],
                            "gce_persistent_disk": [],
                            "git_repo": [],
                            "glusterfs": [],
                            "host_path": [],
                            "iscsi": [],
                            "local": [],
                            "name": "telegraf-config-volume",
                            "nfs": [],
                            "persistent_volume_claim": [],
                            "photon_persistent_disk": [],
                            "projected": [],
                            "quobyte": [],
                            "rbd": [],
                            "secret": [],
                            "vsphere_volume": []
                          }
                        ]
                      }
                    ]
                  }
                ]
              }
            ],
            "timeouts": null,
            "wait_for_rollout": true
          },
          "private": "eyJlMmJmYjczMC1lY2FhLTExZTYtOGY4OC0zNDM2M2JjN2M0YzAiOnsiY3JlYXRlIjo2MDAwMDAwMDAwMDAsImRlbGV0ZSI6NjAwMDAwMDAwMDAwLCJ1cGRhdGUiOjYwMDAwMDAwMDAwMH19",
          "dependencies": [
            "kubernetes_config_map.telegraf-config",
            "kubernetes_deployment.influxdb",
            "kubernetes_persistent_volume.influxdb-pv",
            "kubernetes_persistent_volume_claim.influxdb-pvc",
            "kubernetes_secret.influxdb-secrets",
            "kubernetes_secret.telegraf-secrets"
          ]
        }
      ]
    },
    {
      "mode": "managed",
      "type": "kubernetes_deployment",
      "name": "truelayer-webserver",
      "provider": "provider.kubernetes",
      "instances": [
        {
          "schema_version": 0,
          "attributes": {
            "id": "truelayer/truelayer-webserver",
            "metadata": [
              {
                "annotations": {},
                "generate_name": "",
                "generation": 1,
                "labels": {
                  "app": "WebserverApp",
                  "version": "v1.0"
                },
                "name": "truelayer-webserver",
                "namespace": "truelayer",
                "resource_version": "712915",
                "self_link": "/apis/apps/v1/namespaces/truelayer/deployments/truelayer-webserver",
                "uid": "163115fe-7293-4b48-8aab-f4836d8c0f6d"
              }
            ],
            "spec": [
              {
                "min_ready_seconds": 0,
                "paused": false,
                "progress_deadline_seconds": 600,
                "replicas": 3,
                "revision_history_limit": 10,
                "selector": [
                  {
                    "match_expressions": [],
                    "match_labels": {
                      "app": "WebserverApp"
                    }
                  }
                ],
                "strategy": [
                  {
                    "rolling_update": [
                      {
                        "max_surge": "25%",
                        "max_unavailable": "25%"
                      }
                    ],
                    "type": "RollingUpdate"
                  }
                ],
                "template": [
                  {
                    "metadata": [
                      {
                        "annotations": {},
                        "generate_name": "",
                        "generation": 0,
                        "labels": {
                          "app": "WebserverApp",
                          "version": "v1.0"
                        },
                        "name": "",
                        "namespace": "",
                        "resource_version": "",
                        "self_link": "",
                        "uid": ""
                      }
                    ],
                    "spec": [
                      {
                        "active_deadline_seconds": 0,
                        "affinity": [],
                        "automount_service_account_token": false,
                        "container": [
                          {
                            "args": [],
                            "command": [],
                            "env": [],
                            "env_from": [],
                            "image": "adecchi/truelayer:v1.0",
                            "image_pull_policy": "IfNotPresent",
                            "lifecycle": [],
                            "liveness_probe": [
                              {
                                "exec": [],
                                "failure_threshold": 2,
                                "http_get": [
                                  {
                                    "host": "",
                                    "http_header": [],
                                    "path": "/status",
                                    "port": "8000",
                                    "scheme": "HTTP"
                                  }
                                ],
                                "initial_delay_seconds": 5,
                                "period_seconds": 10,
                                "success_threshold": 1,
                                "tcp_socket": [],
                                "timeout_seconds": 1
                              }
                            ],
                            "name": "python-webserver-image",
                            "port": [],
                            "readiness_probe": [
                              {
                                "exec": [],
                                "failure_threshold": 1,
                                "http_get": [
                                  {
                                    "host": "",
                                    "http_header": [],
                                    "path": "/status",
                                    "port": "8000",
                                    "scheme": "HTTP"
                                  }
                                ],
                                "initial_delay_seconds": 0,
                                "period_seconds": 1,
                                "success_threshold": 1,
                                "tcp_socket": [],
                                "timeout_seconds": 1
                              }
                            ],
                            "resources": [
                              {
                                "limits": [],
                                "requests": []
                              }
                            ],
                            "security_context": [],
                            "startup_probe": [],
                            "stdin": false,
                            "stdin_once": false,
                            "termination_message_path": "/dev/termination-log",
                            "termination_message_policy": "File",
                            "tty": false,
                            "volume_mount": [],
                            "working_dir": ""
                          }
                        ],
                        "dns_config": [],
                        "dns_policy": "ClusterFirst",
                        "enable_service_links": true,
                        "host_aliases": [],
                        "host_ipc": false,
                        "host_network": false,
                        "host_pid": false,
                        "hostname": "",
                        "image_pull_secrets": [],
                        "init_container": [],
                        "node_name": "",
                        "node_selector": {},
                        "priority_class_name": "",
                        "readiness_gate": [],
                        "restart_policy": "Always",
                        "security_context": [],
                        "service_account_name": "",
                        "share_process_namespace": false,
                        "subdomain": "",
                        "termination_grace_period_seconds": 30,
                        "toleration": [],
                        "volume": []
                      }
                    ]
                  }
                ]
              }
            ],
            "timeouts": null,
            "wait_for_rollout": true
          },
          "private": "eyJlMmJmYjczMC1lY2FhLTExZTYtOGY4OC0zNDM2M2JjN2M0YzAiOnsiY3JlYXRlIjo2MDAwMDAwMDAwMDAsImRlbGV0ZSI6NjAwMDAwMDAwMDAwLCJ1cGRhdGUiOjYwMDAwMDAwMDAwMH19"
        }
      ]
    },
    {
      "mode": "managed",
      "type": "kubernetes_ingress",
      "name": "truelayer-ingress",
      "provider": "provider.kubernetes",
      "instances": [
        {
          "schema_version": 0,
          "attributes": {
            "id": "truelayer/truelayer-ingress",
            "load_balancer_ingress": [
              {
                "hostname": "",
                "ip": "192.168.64.5"
              }
            ],
            "metadata": [
              {
                "annotations": {},
                "generate_name": "",
                "generation": 1,
                "labels": {},
                "name": "truelayer-ingress",
                "namespace": "truelayer",
                "resource_version": "712981",
                "self_link": "/apis/extensions/v1beta1/namespaces/truelayer/ingresses/truelayer-ingress",
                "uid": "8f28aa66-02cb-47ae-8c74-c8406ea41e58"
              }
            ],
            "spec": [
              {
                "backend": [],
                "rule": [
                  {
                    "host": "pokemon.truelayer.com",
                    "http": [
                      {
                        "path": [
                          {
                            "backend": [
                              {
                                "service_name": "truelayer-python-services",
                                "service_port": "80"
                              }
                            ],
                            "path": "/"
                          }
                        ]
                      }
                    ]
                  }
                ],
                "tls": []
              }
            ],
            "wait_for_load_balancer": false
          },
          "private": "bnVsbA==",
          "dependencies": [
            "kubernetes_deployment.truelayer-webserver",
            "kubernetes_service.truelayer-python-services"
          ]
        }
      ]
    },
    {
      "mode": "managed",
      "type": "kubernetes_namespace",
      "name": "monitoring",
      "provider": "provider.kubernetes",
      "instances": [
        {
          "schema_version": 0,
          "attributes": {
            "id": "monitoring",
            "metadata": [
              {
                "annotations": {},
                "generate_name": "",
                "generation": 0,
                "labels": {},
                "name": "monitoring",
                "resource_version": "712805",
                "self_link": "/api/v1/namespaces/monitoring",
                "uid": "c3cbc6e1-f208-460e-b3ca-bdc486d1e973"
              }
            ],
            "timeouts": null
          },
          "private": "eyJlMmJmYjczMC1lY2FhLTExZTYtOGY4OC0zNDM2M2JjN2M0YzAiOnsiZGVsZXRlIjozMDAwMDAwMDAwMDB9fQ=="
        }
      ]
    },
    {
      "mode": "managed",
      "type": "kubernetes_namespace",
      "name": "truelayer",
      "provider": "provider.kubernetes",
      "instances": [
        {
          "schema_version": 0,
          "attributes": {
            "id": "truelayer",
            "metadata": [
              {
                "annotations": {},
                "generate_name": "",
                "generation": 0,
                "labels": {},
                "name": "truelayer",
                "resource_version": "712804",
                "self_link": "/api/v1/namespaces/truelayer",
                "uid": "ca5149bc-9233-45e3-afae-a60400710343"
              }
            ],
            "timeouts": null
          },
          "private": "eyJlMmJmYjczMC1lY2FhLTExZTYtOGY4OC0zNDM2M2JjN2M0YzAiOnsiZGVsZXRlIjozMDAwMDAwMDAwMDB9fQ=="
        }
      ]
    },
    {
      "mode": "managed",
      "type": "kubernetes_persistent_volume",
      "name": "influxdb-pv",
      "provider": "provider.kubernetes",
      "instances": [
        {
          "schema_version": 0,
          "attributes": {
            "id": "influxdb-pv",
            "metadata": [
              {
                "annotations": {},
                "generation": 0,
                "labels": {},
                "name": "influxdb-pv",
                "resource_version": "712820",
                "self_link": "/api/v1/persistentvolumes/influxdb-pv",
                "uid": "66cf02b9-8292-4e0c-871e-3252106af233"
              }
            ],
            "spec": [
              {
                "access_modes": [
                  "ReadWriteMany"
                ],
                "capacity": {
                  "storage": "2Gi"
                },
                "mount_options": [],
                "node_affinity": [],
                "persistent_volume_reclaim_policy": "Retain",
                "persistent_volume_source": [
                  {
                    "aws_elastic_block_store": [],
                    "azure_disk": [],
                    "azure_file": [],
                    "ceph_fs": [],
                    "cinder": [],
                    "csi": [],
                    "fc": [],
                    "flex_volume": [],
                    "flocker": [],
                    "gce_persistent_disk": [],
                    "glusterfs": [],
                    "host_path": [
                      {
                        "path": "/mnt/vda1/hostpath_pv",
                        "type": ""
                      }
                    ],
                    "iscsi": [],
                    "local": [],
                    "nfs": [],
                    "photon_persistent_disk": [],
                    "quobyte": [],
                    "rbd": [],
                    "vsphere_volume": []
                  }
                ],
                "storage_class_name": "standard",
                "volume_mode": "Filesystem"
              }
            ],
            "timeouts": null
          },
          "private": "eyJlMmJmYjczMC1lY2FhLTExZTYtOGY4OC0zNDM2M2JjN2M0YzAiOnsiY3JlYXRlIjozMDAwMDAwMDAwMDB9fQ=="
        }
      ]
    },
    {
      "mode": "managed",
      "type": "kubernetes_persistent_volume_claim",
      "name": "influxdb-pvc",
      "provider": "provider.kubernetes",
      "instances": [
        {
          "schema_version": 0,
          "attributes": {
            "id": "monitoring/influxdb-pvc",
            "metadata": [
              {
                "annotations": {},
                "generate_name": "",
                "generation": 0,
                "labels": {
                  "app": "influxdb"
                },
                "name": "influxdb-pvc",
                "namespace": "monitoring",
                "resource_version": "712822",
                "self_link": "/api/v1/namespaces/monitoring/persistentvolumeclaims/influxdb-pvc",
                "uid": "b7d8c68c-8564-4a19-bbfa-9a906f08fd4b"
              }
            ],
            "spec": [
              {
                "access_modes": [
                  "ReadWriteMany"
                ],
                "resources": [
                  {
                    "limits": {},
                    "requests": {
                      "storage": "1Gi"
                    }
                  }
                ],
                "selector": [],
                "storage_class_name": "standard",
                "volume_name": "influxdb-pv"
              }
            ],
            "timeouts": null,
            "wait_until_bound": true
          },
          "private": "eyJlMmJmYjczMC1lY2FhLTExZTYtOGY4OC0zNDM2M2JjN2M0YzAiOnsiY3JlYXRlIjozMDAwMDAwMDAwMDB9fQ==",
          "dependencies": [
            "kubernetes_persistent_volume.influxdb-pv"
          ]
        }
      ]
    },
    {
      "mode": "managed",
      "type": "kubernetes_secret",
      "name": "grafana-secrets",
      "provider": "provider.kubernetes",
      "instances": [
        {
          "schema_version": 0,
          "attributes": {
            "data": {
              "GF_SECURITY_ADMIN_PASSWORD": "admin",
              "GF_SECURITY_ADMIN_USER": "admin"
            },
            "id": "monitoring/grafana-secrets",
            "metadata": [
              {
                "annotations": {},
                "generate_name": "",
                "generation": 0,
                "labels": {},
                "name": "grafana-secrets",
                "namespace": "monitoring",
                "resource_version": "712815",
                "self_link": "/api/v1/namespaces/monitoring/secrets/grafana-secrets",
                "uid": "6d8037b4-2384-476b-ab90-71ceea33645a"
              }
            ],
            "type": "Opaque"
          },
          "private": "bnVsbA=="
        }
      ]
    },
    {
      "mode": "managed",
      "type": "kubernetes_secret",
      "name": "influxdb-secrets",
      "provider": "provider.kubernetes",
      "instances": [
        {
          "schema_version": 0,
          "attributes": {
            "data": {
              "INFLUXDB_DATABASE": "local_monitoring",
              "INFLUXDB_HOST": "influxdb",
              "INFLUXDB_PASSWORD": "admin",
              "INFLUXDB_USERNAME": "admin"
            },
            "id": "monitoring/influxdb-secrets",
            "metadata": [
              {
                "annotations": {},
                "generate_name": "",
                "generation": 0,
                "labels": {},
                "name": "influxdb-secrets",
                "namespace": "monitoring",
                "resource_version": "712816",
                "self_link": "/api/v1/namespaces/monitoring/secrets/influxdb-secrets",
                "uid": "47ff8c4f-e940-423c-b19a-1f06b90c2be6"
              }
            ],
            "type": "Opaque"
          },
          "private": "bnVsbA=="
        }
      ]
    },
    {
      "mode": "managed",
      "type": "kubernetes_secret",
      "name": "telegraf-secrets",
      "provider": "provider.kubernetes",
      "instances": [
        {
          "schema_version": 0,
          "attributes": {
            "data": {
              "INFLUXDB_DB": "local_monitoring",
              "INFLUXDB_URL": "http://influxdb:8086",
              "INFLUXDB_USER": "admin",
              "INFLUXDB_USER_PASSWORD": "admin"
            },
            "id": "monitoring/telegraf-secrets",
            "metadata": [
              {
                "annotations": {},
                "generate_name": "",
                "generation": 0,
                "labels": {},
                "name": "telegraf-secrets",
                "namespace": "monitoring",
                "resource_version": "712814",
                "self_link": "/api/v1/namespaces/monitoring/secrets/telegraf-secrets",
                "uid": "3de91f35-15ec-46d7-99b4-5bb6a96f326d"
              }
            ],
            "type": "Opaque"
          },
          "private": "bnVsbA=="
        }
      ]
    },
    {
      "mode": "managed",
      "type": "kubernetes_service",
      "name": "grafana-services",
      "provider": "provider.kubernetes",
      "instances": [
        {
          "status": "tainted",
          "schema_version": 0,
          "attributes": {
            "id": "monitoring/grafana-services",
            "load_balancer_ingress": null,
            "metadata": [
              {
                "annotations": null,
                "generate_name": "",
                "generation": 0,
                "labels": null,
                "name": "grafana-services",
                "namespace": "monitoring",
                "resource_version": "",
                "self_link": "",
                "uid": ""
              }
            ],
            "spec": [
              {
                "cluster_ip": "",
                "external_ips": null,
                "external_name": "",
                "external_traffic_policy": "",
                "health_check_node_port": 0,
                "load_balancer_ip": "",
                "load_balancer_source_ranges": null,
                "port": [
                  {
                    "name": "",
                    "node_port": 0,
                    "port": 3000,
                    "protocol": "TCP",
                    "target_port": "3000"
                  }
                ],
                "publish_not_ready_addresses": false,
                "selector": {
                  "app": "grafana"
                },
                "session_affinity": "None",
                "type": "LoadBalancer"
              }
            ],
            "timeouts": {
              "create": "30s"
            }
          },
          "private": "eyJlMmJmYjczMC1lY2FhLTExZTYtOGY4OC0zNDM2M2JjN2M0YzAiOnsiY3JlYXRlIjozMDAwMDAwMDAwMH19",
          "dependencies": [
            "kubernetes_deployment.grafana"
          ]
        }
      ]
    },
    {
      "mode": "managed",
      "type": "kubernetes_service",
      "name": "influxdb-services",
      "provider": "provider.kubernetes",
      "instances": [
        {
          "schema_version": 0,
          "attributes": {
            "id": "monitoring/influxdb-services",
            "load_balancer_ingress": [],
            "metadata": [
              {
                "annotations": {},
                "generate_name": "",
                "generation": 0,
                "labels": {},
                "name": "influxdb-services",
                "namespace": "monitoring",
                "resource_version": "712997",
                "self_link": "/api/v1/namespaces/monitoring/services/influxdb-services",
                "uid": "94b7e790-d5c2-4bfb-b17f-f6ae846a5c99"
              }
            ],
            "spec": [
              {
                "cluster_ip": "10.105.36.167",
                "external_ips": [],
                "external_name": "",
                "external_traffic_policy": "",
                "health_check_node_port": 0,
                "load_balancer_ip": "",
                "load_balancer_source_ranges": [],
                "port": [
                  {
                    "name": "",
                    "node_port": 0,
                    "port": 8086,
                    "protocol": "TCP",
                    "target_port": "8086"
                  }
                ],
                "publish_not_ready_addresses": false,
                "selector": {
                  "app": "influxdb"
                },
                "session_affinity": "None",
                "type": "ClusterIP"
              }
            ],
            "timeouts": {
              "create": "30s"
            }
          },
          "private": "eyJlMmJmYjczMC1lY2FhLTExZTYtOGY4OC0zNDM2M2JjN2M0YzAiOnsiY3JlYXRlIjozMDAwMDAwMDAwMH19",
          "dependencies": [
            "kubernetes_deployment.influxdb",
            "kubernetes_persistent_volume.influxdb-pv",
            "kubernetes_persistent_volume_claim.influxdb-pvc",
            "kubernetes_secret.influxdb-secrets"
          ]
        }
      ]
    },
    {
      "mode": "managed",
      "type": "kubernetes_service",
      "name": "prometheus-services",
      "provider": "provider.kubernetes",
      "instances": []
    },
    {
      "mode": "managed",
      "type": "kubernetes_service",
      "name": "telegraf-services",
      "provider": "provider.kubernetes",
      "instances": [
        {
          "schema_version": 0,
          "attributes": {
            "id": "monitoring/telegraf-services",
            "load_balancer_ingress": [],
            "metadata": [
              {
                "annotations": {},
                "generate_name": "",
                "generation": 0,
                "labels": {},
                "name": "telegraf-services",
                "namespace": "monitoring",
                "resource_version": "713044",
                "self_link": "/api/v1/namespaces/monitoring/services/telegraf-services",
                "uid": "5f960e6b-be5b-435e-ae8d-3cff24419f99"
              }
            ],
            "spec": [
              {
                "cluster_ip": "10.104.225.202",
                "external_ips": [],
                "external_name": "",
                "external_traffic_policy": "Cluster",
                "health_check_node_port": 0,
                "load_balancer_ip": "",
                "load_balancer_source_ranges": [],
                "port": [
                  {
                    "name": "",
                    "node_port": 30811,
                    "port": 8125,
                    "protocol": "TCP",
                    "target_port": "8125"
                  }
                ],
                "publish_not_ready_addresses": false,
                "selector": {
                  "app": "telegraf"
                },
                "session_affinity": "None",
                "type": "NodePort"
              }
            ],
            "timeouts": {
              "create": "30s"
            }
          },
          "private": "eyJlMmJmYjczMC1lY2FhLTExZTYtOGY4OC0zNDM2M2JjN2M0YzAiOnsiY3JlYXRlIjozMDAwMDAwMDAwMH19",
          "dependencies": [
            "kubernetes_config_map.telegraf-config",
            "kubernetes_deployment.influxdb",
            "kubernetes_deployment.telegraf",
            "kubernetes_persistent_volume.influxdb-pv",
            "kubernetes_persistent_volume_claim.influxdb-pvc",
            "kubernetes_secret.influxdb-secrets",
            "kubernetes_secret.telegraf-secrets"
          ]
        }
      ]
    },
    {
      "mode": "managed",
      "type": "kubernetes_service",
      "name": "truelayer-python-services",
      "provider": "provider.kubernetes",
      "instances": [
        {
          "schema_version": 0,
          "attributes": {
            "id": "truelayer/truelayer-python-services",
            "load_balancer_ingress": [],
            "metadata": [
              {
                "annotations": {},
                "generate_name": "",
                "generation": 0,
                "labels": {},
                "name": "truelayer-python-services",
                "namespace": "truelayer",
                "resource_version": "713246",
                "self_link": "/api/v1/namespaces/truelayer/services/truelayer-python-services",
                "uid": "4b2e243a-c842-4c0d-9a6b-ac4a826095b5"
              }
            ],
            "spec": [
              {
                "cluster_ip": "10.101.240.114",
                "external_ips": [],
                "external_name": "",
                "external_traffic_policy": "Cluster",
                "health_check_node_port": 0,
                "load_balancer_ip": "",
                "load_balancer_source_ranges": [],
                "port": [
                  {
                    "name": "",
                    "node_port": 31586,
                    "port": 80,
                    "protocol": "TCP",
                    "target_port": "8000"
                  }
                ],
                "publish_not_ready_addresses": false,
                "selector": {
                  "app": "WebserverApp"
                },
                "session_affinity": "None",
                "type": "NodePort"
              }
            ],
            "timeouts": {
              "create": "30s"
            }
          },
          "private": "eyJlMmJmYjczMC1lY2FhLTExZTYtOGY4OC0zNDM2M2JjN2M0YzAiOnsiY3JlYXRlIjozMDAwMDAwMDAwMH19",
          "dependencies": [
            "kubernetes_deployment.truelayer-webserver"
          ]
        }
      ]
    }
  ]
}
